// !$*UTF8*$!
{
	archiveVersion = 1;
	classes = {
	};
	objectVersion = 46;
	objects = {

/* Begin PBXBuildFile section */
		DEF8CEE9198A2D5500B1559F /* Foundation.framework in Frameworks */ = {isa = PBXBuildFile; fileRef = DEF8CEE8198A2D5500B1559F /* Foundation.framework */; };
		DEF8CEEB198A2D5500B1559F /* CoreGraphics.framework in Frameworks */ = {isa = PBXBuildFile; fileRef = DEF8CEEA198A2D5500B1559F /* CoreGraphics.framework */; };
		DEF8CEED198A2D5500B1559F /* UIKit.framework in Frameworks */ = {isa = PBXBuildFile; fileRef = DEF8CEEC198A2D5500B1559F /* UIKit.framework */; };
		DEF8CEEF198A2D5500B1559F /* CoreData.framework in Frameworks */ = {isa = PBXBuildFile; fileRef = DEF8CEEE198A2D5500B1559F /* CoreData.framework */; };
		DEF8CEF5198A2D5500B1559F /* InfoPlist.strings in Resources */ = {isa = PBXBuildFile; fileRef = DEF8CEF3198A2D5500B1559F /* InfoPlist.strings */; };
		DEF8CEF7198A2D5500B1559F /* main.m in Sources */ = {isa = PBXBuildFile; fileRef = DEF8CEF6198A2D5500B1559F /* main.m */; };
		DEF8CEFB198A2D5500B1559F /* PPSAppDelegate.m in Sources */ = {isa = PBXBuildFile; fileRef = DEF8CEFA198A2D5500B1559F /* PPSAppDelegate.m */; };
		DEF8CEFE198A2D5600B1559F /* CoreDataMigration.xcdatamodeld in Sources */ = {isa = PBXBuildFile; fileRef = DEF8CEFC198A2D5600B1559F /* CoreDataMigration.xcdatamodeld */; };
		DEF8CF00198A2D5600B1559F /* Images.xcassets in Resources */ = {isa = PBXBuildFile; fileRef = DEF8CEFF198A2D5600B1559F /* Images.xcassets */; };
		DEF8CF07198A2D5600B1559F /* XCTest.framework in Frameworks */ = {isa = PBXBuildFile; fileRef = DEF8CF06198A2D5600B1559F /* XCTest.framework */; };
		DEF8CF08198A2D5600B1559F /* Foundation.framework in Frameworks */ = {isa = PBXBuildFile; fileRef = DEF8CEE8198A2D5500B1559F /* Foundation.framework */; };
		DEF8CF09198A2D5600B1559F /* UIKit.framework in Frameworks */ = {isa = PBXBuildFile; fileRef = DEF8CEEC198A2D5500B1559F /* UIKit.framework */; };
		DEF8CF0A198A2D5600B1559F /* CoreData.framework in Frameworks */ = {isa = PBXBuildFile; fileRef = DEF8CEEE198A2D5500B1559F /* CoreData.framework */; };
		DEF8CF12198A2D5600B1559F /* InfoPlist.strings in Resources */ = {isa = PBXBuildFile; fileRef = DEF8CF10198A2D5600B1559F /* InfoPlist.strings */; };
		DEF8CF14198A2D5600B1559F /* CoreDataMigrationTests.m in Sources */ = {isa = PBXBuildFile; fileRef = DEF8CF13198A2D5600B1559F /* CoreDataMigrationTests.m */; };
		DEF8CF1F198A30F300B1559F /* test.mp4 in Resources */ = {isa = PBXBuildFile; fileRef = DEF8CF1E198A30F300B1559F /* test.mp4 */; };
/* End PBXBuildFile section */

/* Begin PBXContainerItemProxy section */
		DEF8CF0B198A2D5600B1559F /* PBXContainerItemProxy */ = {
			isa = PBXContainerItemProxy;
			containerPortal = DEF8CEDD198A2D5500B1559F /* Project object */;
			proxyType = 1;
			remoteGlobalIDString = DEF8CEE4198A2D5500B1559F;
			remoteInfo = CoreDataMigration;
		};
/* End PBXContainerItemProxy section */

/* Begin PBXFileReference section */
		DECD94D1198A3911006CD901 /* CoreDataMigration2.xcdatamodel */ = {isa = PBXFileReference; lastKnownFileType = wrapper.xcdatamodel; path = CoreDataMigration2.xcdatamodel; sourceTree = "<group>"; };
		DEF8CEE5198A2D5500B1559F /* CoreDataMigration.app */ = {isa = PBXFileReference; explicitFileType = wrapper.application; includeInIndex = 0; path = CoreDataMigration.app; sourceTree = BUILT_PRODUCTS_DIR; };
		DEF8CEE8198A2D5500B1559F /* Foundation.framework */ = {isa = PBXFileReference; lastKnownFileType = wrapper.framework; name = Foundation.framework; path = System/Library/Frameworks/Foundation.framework; sourceTree = SDKROOT; };
		DEF8CEEA198A2D5500B1559F /* CoreGraphics.framework */ = {isa = PBXFileReference; lastKnownFileType = wrapper.framework; name = CoreGraphics.framework; path = System/Library/Frameworks/CoreGraphics.framework; sourceTree = SDKROOT; };
		DEF8CEEC198A2D5500B1559F /* UIKit.framework */ = {isa = PBXFileReference; lastKnownFileType = wrapper.framework; name = UIKit.framework; path = System/Library/Frameworks/UIKit.framework; sourceTree = SDKROOT; };
		DEF8CEEE198A2D5500B1559F /* CoreData.framework */ = {isa = PBXFileReference; lastKnownFileType = wrapper.framework; name = CoreData.framework; path = System/Library/Frameworks/CoreData.framework; sourceTree = SDKROOT; };
		DEF8CEF2198A2D5500B1559F /* CoreDataMigration-Info.plist */ = {isa = PBXFileReference; lastKnownFileType = text.plist.xml; path = "CoreDataMigration-Info.plist"; sourceTree = "<group>"; };
		DEF8CEF4198A2D5500B1559F /* en */ = {isa = PBXFileReference; lastKnownFileType = text.plist.strings; name = en; path = en.lproj/InfoPlist.strings; sourceTree = "<group>"; };
		DEF8CEF6198A2D5500B1559F /* main.m */ = {isa = PBXFileReference; lastKnownFileType = sourcecode.c.objc; path = main.m; sourceTree = "<group>"; };
		DEF8CEF8198A2D5500B1559F /* CoreDataMigration-Prefix.pch */ = {isa = PBXFileReference; lastKnownFileType = sourcecode.c.h; path = "CoreDataMigration-Prefix.pch"; sourceTree = "<group>"; };
		DEF8CEF9198A2D5500B1559F /* PPSAppDelegate.h */ = {isa = PBXFileReference; lastKnownFileType = sourcecode.c.h; path = PPSAppDelegate.h; sourceTree = "<group>"; };
		DEF8CEFA198A2D5500B1559F /* PPSAppDelegate.m */ = {isa = PBXFileReference; lastKnownFileType = sourcecode.c.objc; path = PPSAppDelegate.m; sourceTree = "<group>"; };
		DEF8CEFD198A2D5600B1559F /* CoreDataMigration.xcdatamodel */ = {isa = PBXFileReference; lastKnownFileType = wrapper.xcdatamodel; path = CoreDataMigration.xcdatamodel; sourceTree = "<group>"; };
		DEF8CEFF198A2D5600B1559F /* Images.xcassets */ = {isa = PBXFileReference; lastKnownFileType = folder.assetcatalog; path = Images.xcassets; sourceTree = "<group>"; };
		DEF8CF05198A2D5600B1559F /* CoreDataMigrationTests.xctest */ = {isa = PBXFileReference; explicitFileType = wrapper.cfbundle; includeInIndex = 0; path = CoreDataMigrationTests.xctest; sourceTree = BUILT_PRODUCTS_DIR; };
		DEF8CF06198A2D5600B1559F /* XCTest.framework */ = {isa = PBXFileReference; lastKnownFileType = wrapper.framework; name = XCTest.framework; path = Library/Frameworks/XCTest.framework; sourceTree = DEVELOPER_DIR; };
		DEF8CF0F198A2D5600B1559F /* CoreDataMigrationTests-Info.plist */ = {isa = PBXFileReference; lastKnownFileType = text.plist.xml; path = "CoreDataMigrationTests-Info.plist"; sourceTree = "<group>"; };
		DEF8CF11198A2D5600B1559F /* en */ = {isa = PBXFileReference; lastKnownFileType = text.plist.strings; name = en; path = en.lproj/InfoPlist.strings; sourceTree = "<group>"; };
		DEF8CF13198A2D5600B1559F /* CoreDataMigrationTests.m */ = {isa = PBXFileReference; lastKnownFileType = sourcecode.c.objc; path = CoreDataMigrationTests.m; sourceTree = "<group>"; };
		DEF8CF1E198A30F300B1559F /* test.mp4 */ = {isa = PBXFileReference; lastKnownFileType = file; path = test.mp4; sourceTree = "<group>"; };
/* End PBXFileReference section */

/* Begin PBXFrameworksBuildPhase section */
		DEF8CEE2198A2D5500B1559F /* Frameworks */ = {
			isa = PBXFrameworksBuildPhase;
			buildActionMask = 2147483647;
			files = (
				DEF8CEEB198A2D5500B1559F /* CoreGraphics.framework in Frameworks */,
				DEF8CEEF198A2D5500B1559F /* CoreData.framework in Frameworks */,
				DEF8CEED198A2D5500B1559F /* UIKit.framework in Frameworks */,
				DEF8CEE9198A2D5500B1559F /* Foundation.framework in Frameworks */,
			);
			runOnlyForDeploymentPostprocessing = 0;
		};
		DEF8CF02198A2D5600B1559F /* Frameworks */ = {
			isa = PBXFrameworksBuildPhase;
			buildActionMask = 2147483647;
			files = (
				DEF8CF07198A2D5600B1559F /* XCTest.framework in Frameworks */,
				DEF8CF0A198A2D5600B1559F /* CoreData.framework in Frameworks */,
				DEF8CF09198A2D5600B1559F /* UIKit.framework in Frameworks */,
				DEF8CF08198A2D5600B1559F /* Foundation.framework in Frameworks */,
			);
			runOnlyForDeploymentPostprocessing = 0;
		};
/* End PBXFrameworksBuildPhase section */

/* Begin PBXGroup section */
		DEF8CEDC198A2D5500B1559F = {
			isa = PBXGroup;
			children = (
				DEF8CEF0198A2D5500B1559F /* CoreDataMigration */,
				DEF8CF0D198A2D5600B1559F /* CoreDataMigrationTests */,
				DEF8CEE7198A2D5500B1559F /* Frameworks */,
				DEF8CEE6198A2D5500B1559F /* Products */,
			);
			sourceTree = "<group>";
		};
		DEF8CEE6198A2D5500B1559F /* Products */ = {
			isa = PBXGroup;
			children = (
				DEF8CEE5198A2D5500B1559F /* CoreDataMigration.app */,
				DEF8CF05198A2D5600B1559F /* CoreDataMigrationTests.xctest */,
			);
			name = Products;
			sourceTree = "<group>";
		};
		DEF8CEE7198A2D5500B1559F /* Frameworks */ = {
			isa = PBXGroup;
			children = (
				DEF8CEE8198A2D5500B1559F /* Foundation.framework */,
				DEF8CEEA198A2D5500B1559F /* CoreGraphics.framework */,
				DEF8CEEC198A2D5500B1559F /* UIKit.framework */,
				DEF8CEEE198A2D5500B1559F /* CoreData.framework */,
				DEF8CF06198A2D5600B1559F /* XCTest.framework */,
			);
			name = Frameworks;
			sourceTree = "<group>";
		};
		DEF8CEF0198A2D5500B1559F /* CoreDataMigration */ = {
			isa = PBXGroup;
			children = (
				DEF8CF1D198A2DA000B1559F /* Resources */,
				DEF8CEF9198A2D5500B1559F /* PPSAppDelegate.h */,
				DEF8CEFA198A2D5500B1559F /* PPSAppDelegate.m */,
				DEF8CEFF198A2D5600B1559F /* Images.xcassets */,
				DEF8CEFC198A2D5600B1559F /* CoreDataMigration.xcdatamodeld */,
				DEF8CEF1198A2D5500B1559F /* Supporting Files */,
			);
			path = CoreDataMigration;
			sourceTree = "<group>";
		};
		DEF8CEF1198A2D5500B1559F /* Supporting Files */ = {
			isa = PBXGroup;
			children = (
				DEF8CEF2198A2D5500B1559F /* CoreDataMigration-Info.plist */,
				DEF8CEF3198A2D5500B1559F /* InfoPlist.strings */,
				DEF8CEF6198A2D5500B1559F /* main.m */,
				DEF8CEF8198A2D5500B1559F /* CoreDataMigration-Prefix.pch */,
			);
			name = "Supporting Files";
			sourceTree = "<group>";
		};
		DEF8CF0D198A2D5600B1559F /* CoreDataMigrationTests */ = {
			isa = PBXGroup;
			children = (
				DEF8CF13198A2D5600B1559F /* CoreDataMigrationTests.m */,
				DEF8CF0E198A2D5600B1559F /* Supporting Files */,
			);
			path = CoreDataMigrationTests;
			sourceTree = "<group>";
		};
		DEF8CF0E198A2D5600B1559F /* Supporting Files */ = {
			isa = PBXGroup;
			children = (
				DEF8CF0F198A2D5600B1559F /* CoreDataMigrationTests-Info.plist */,
				DEF8CF10198A2D5600B1559F /* InfoPlist.strings */,
			);
			name = "Supporting Files";
			sourceTree = "<group>";
		};
		DEF8CF1D198A2DA000B1559F /* Resources */ = {
			isa = PBXGroup;
			children = (
				DEF8CF1E198A30F300B1559F /* test.mp4 */,
			);
			path = Resources;
			sourceTree = "<group>";
		};
/* End PBXGroup section */

/* Begin PBXNativeTarget section */
		DEF8CEE4198A2D5500B1559F /* CoreDataMigration */ = {
			isa = PBXNativeTarget;
			buildConfigurationList = DEF8CF17198A2D5600B1559F /* Build configuration list for PBXNativeTarget "CoreDataMigration" */;
			buildPhases = (
				DEF8CEE1198A2D5500B1559F /* Sources */,
				DEF8CEE2198A2D5500B1559F /* Frameworks */,
				DEF8CEE3198A2D5500B1559F /* Resources */,
			);
			buildRules = (
			);
			dependencies = (
			);
			name = CoreDataMigration;
			productName = CoreDataMigration;
			productReference = DEF8CEE5198A2D5500B1559F /* CoreDataMigration.app */;
			productType = "com.apple.product-type.application";
		};
		DEF8CF04198A2D5600B1559F /* CoreDataMigrationTests */ = {
			isa = PBXNativeTarget;
			buildConfigurationList = DEF8CF1A198A2D5600B1559F /* Build configuration list for PBXNativeTarget "CoreDataMigrationTests" */;
			buildPhases = (
				DEF8CF01198A2D5600B1559F /* Sources */,
				DEF8CF02198A2D5600B1559F /* Frameworks */,
				DEF8CF03198A2D5600B1559F /* Resources */,
			);
			buildRules = (
			);
			dependencies = (
				DEF8CF0C198A2D5600B1559F /* PBXTargetDependency */,
			);
			name = CoreDataMigrationTests;
			productName = CoreDataMigrationTests;
			productReference = DEF8CF05198A2D5600B1559F /* CoreDataMigrationTests.xctest */;
			productType = "com.apple.product-type.bundle.unit-test";
		};
/* End PBXNativeTarget section */

/* Begin PBXProject section */
		DEF8CEDD198A2D5500B1559F /* Project object */ = {
			isa = PBXProject;
			attributes = {
				CLASSPREFIX = PPS;
				LastUpgradeCheck = 0510;
				ORGANIZATIONNAME = "Peeps Media Ltd.";
				TargetAttributes = {
					DEF8CF04198A2D5600B1559F = {
						TestTargetID = DEF8CEE4198A2D5500B1559F;
					};
				};
			};
			buildConfigurationList = DEF8CEE0198A2D5500B1559F /* Build configuration list for PBXProject "CoreDataMigration" */;
			compatibilityVersion = "Xcode 3.2";
			developmentRegion = English;
			hasScannedForEncodings = 0;
			knownRegions = (
				en,
			);
			mainGroup = DEF8CEDC198A2D5500B1559F;
			productRefGroup = DEF8CEE6198A2D5500B1559F /* Products */;
			projectDirPath = "";
			projectRoot = "";
			targets = (
				DEF8CEE4198A2D5500B1559F /* CoreDataMigration */,
				DEF8CF04198A2D5600B1559F /* CoreDataMigrationTests */,
			);
		};
/* End PBXProject section */

/* Begin PBXResourcesBuildPhase section */
		DEF8CEE3198A2D5500B1559F /* Resources */ = {
			isa = PBXResourcesBuildPhase;
			buildActionMask = 2147483647;
			files = (
				DEF8CEF5198A2D5500B1559F /* InfoPlist.strings in Resources */,
				DEF8CF1F198A30F300B1559F /* test.mp4 in Resources */,
				DEF8CF00198A2D5600B1559F /* Images.xcassets in Resources */,
			);
			runOnlyForDeploymentPostprocessing = 0;
		};
		DEF8CF03198A2D5600B1559F /* Resources */ = {
			isa = PBXResourcesBuildPhase;
			buildActionMask = 2147483647;
			files = (
				DEF8CF12198A2D5600B1559F /* InfoPlist.strings in Resources */,
			);
			runOnlyForDeploymentPostprocessing = 0;
		};
/* End PBXResourcesBuildPhase section */

/* Begin PBXSourcesBuildPhase section */
		DEF8CEE1198A2D5500B1559F /* Sources */ = {
			isa = PBXSourcesBuildPhase;
			buildActionMask = 2147483647;
			files = (
				DEF8CEFB198A2D5500B1559F /* PPSAppDelegate.m in Sources */,
				DEF8CEFE198A2D5600B1559F /* CoreDataMigration.xcdatamodeld in Sources */,
				DEF8CEF7198A2D5500B1559F /* main.m in Sources */,
			);
			runOnlyForDeploymentPostprocessing = 0;
		};
		DEF8CF01198A2D5600B1559F /* Sources */ = {
			isa = PBXSourcesBuildPhase;
			buildActionMask = 2147483647;
			files = (
				DEF8CF14198A2D5600B1559F /* CoreDataMigrationTests.m in Sources */,
			);
			runOnlyForDeploymentPostprocessing = 0;
		};
/* End PBXSourcesBuildPhase section */

/* Begin PBXTargetDependency section */
		DEF8CF0C198A2D5600B1559F /* PBXTargetDependency */ = {
			isa = PBXTargetDependency;
			target = DEF8CEE4198A2D5500B1559F /* CoreDataMigration */;
			targetProxy = DEF8CF0B198A2D5600B1559F /* PBXContainerItemProxy */;
		};
/* End PBXTargetDependency section */

/* Begin PBXVariantGroup section */
		DEF8CEF3198A2D5500B1559F /* InfoPlist.strings */ = {
			isa = PBXVariantGroup;
			children = (
				DEF8CEF4198A2D5500B1559F /* en */,
			);
			name = InfoPlist.strings;
			sourceTree = "<group>";
		};
		DEF8CF10198A2D5600B1559F /* InfoPlist.strings */ = {
			isa = PBXVariantGroup;
			children = (
				DEF8CF11198A2D5600B1559F /* en */,
			);
			name = InfoPlist.strings;
			sourceTree = "<group>";
		};
/* End PBXVariantGroup section */

/* Begin XCBuildConfiguration section */
		DEF8CF15198A2D5600B1559F /* Debug */ = {
			isa = XCBuildConfiguration;
			buildSettings = {
				ALWAYS_SEARCH_USER_PATHS = NO;
				CLANG_CXX_LANGUAGE_STANDARD = "gnu++0x";
				CLANG_CXX_LIBRARY = "libc++";
				CLANG_ENABLE_MODULES = YES;
				CLANG_ENABLE_OBJC_ARC = YES;
				CLANG_WARN_BOOL_CONVERSION = YES;
				CLANG_WARN_CONSTANT_CONVERSION = YES;
				CLANG_WARN_DIRECT_OBJC_ISA_USAGE = YES_ERROR;
				CLANG_WARN_EMPTY_BODY = YES;
				CLANG_WARN_ENUM_CONVERSION = YES;
				CLANG_WARN_INT_CONVERSION = YES;
				CLANG_WARN_OBJC_ROOT_CLASS = YES_ERROR;
				CLANG_WARN__DUPLICATE_METHOD_MATCH = YES;
				"CODE_SIGN_IDENTITY[sdk=iphoneos*]" = "iPhone Developer";
				COPY_PHASE_STRIP = NO;
				GCC_C_LANGUAGE_STANDARD = gnu99;
				GCC_DYNAMIC_NO_PIC = NO;
				GCC_OPTIMIZATION_LEVEL = 0;
				GCC_PREPROCESSOR_DEFINITIONS = (
					"DEBUG=1",
					"$(inherited)",
				);
				GCC_SYMBOLS_PRIVATE_EXTERN = NO;
				GCC_WARN_64_TO_32_BIT_CONVERSION = YES;
				GCC_WARN_ABOUT_RETURN_TYPE = YES_ERROR;
				GCC_WARN_UNDECLARED_SELECTOR = YES;
				GCC_WARN_UNINITIALIZED_AUTOS = YES_AGGRESSIVE;
				GCC_WARN_UNUSED_FUNCTION = YES;
				GCC_WARN_UNUSED_VARIABLE = YES;
				IPHONEOS_DEPLOYMENT_TARGET = 7.1;
				ONLY_ACTIVE_ARCH = YES;
				SDKROOT = iphoneos;
				TARGETED_DEVICE_FAMILY = "1,2";
			};
			name = Debug;
		};
		DEF8CF16198A2D5600B1559F /* Release */ = {
			isa = XCBuildConfiguration;
			buildSettings = {
				ALWAYS_SEARCH_USER_PATHS = NO;
				CLANG_CXX_LANGUAGE_STANDARD = "gnu++0x";
				CLANG_CXX_LIBRARY = "libc++";
				CLANG_ENABLE_MODULES = YES;
				CLANG_ENABLE_OBJC_ARC = YES;
				CLANG_WARN_BOOL_CONVERSION = YES;
				CLANG_WARN_CONSTANT_CONVERSION = YES;
				CLANG_WARN_DIRECT_OBJC_ISA_USAGE = YES_ERROR;
				CLANG_WARN_EMPTY_BODY = YES;
				CLANG_WARN_ENUM_CONVERSION = YES;
				CLANG_WARN_INT_CONVERSION = YES;
				CLANG_WARN_OBJC_ROOT_CLASS = YES_ERROR;
				CLANG_WARN__DUPLICATE_METHOD_MATCH = YES;
				"CODE_SIGN_IDENTITY[sdk=iphoneos*]" = "iPhone Developer";
				COPY_PHASE_STRIP = YES;
				ENABLE_NS_ASSERTIONS = NO;
				GCC_C_LANGUAGE_STANDARD = gnu99;
				GCC_WARN_64_TO_32_BIT_CONVERSION = YES;
				GCC_WARN_ABOUT_RETURN_TYPE = YES_ERROR;
				GCC_WARN_UNDECLARED_SELECTOR = YES;
				GCC_WARN_UNINITIALIZED_AUTOS = YES_AGGRESSIVE;
				GCC_WARN_UNUSED_FUNCTION = YES;
				GCC_WARN_UNUSED_VARIABLE = YES;
				IPHONEOS_DEPLOYMENT_TARGET = 7.1;
				SDKROOT = iphoneos;
				TARGETED_DEVICE_FAMILY = "1,2";
				VALIDATE_PRODUCT = YES;
			};
			name = Release;
		};
		DEF8CF18198A2D5600B1559F /* Debug */ = {
			isa = XCBuildConfiguration;
			buildSettings = {
				ASSETCATALOG_COMPILER_APPICON_NAME = AppIcon;
				ASSETCATALOG_COMPILER_LAUNCHIMAGE_NAME = LaunchImage;
				GCC_PRECOMPILE_PREFIX_HEADER = YES;
				GCC_PREFIX_HEADER = "CoreDataMigration/CoreDataMigration-Prefix.pch";
				INFOPLIST_FILE = "CoreDataMigration/CoreDataMigration-Info.plist";
				PRODUCT_NAME = "$(TARGET_NAME)";
				WRAPPER_EXTENSION = app;
			};
			name = Debug;
		};
		DEF8CF19198A2D5600B1559F /* Release */ = {
			isa = XCBuildConfiguration;
			buildSettings = {
				ASSETCATALOG_COMPILER_APPICON_NAME = AppIcon;
				ASSETCATALOG_COMPILER_LAUNCHIMAGE_NAME = LaunchImage;
				GCC_PRECOMPILE_PREFIX_HEADER = YES;
				GCC_PREFIX_HEADER = "CoreDataMigration/CoreDataMigration-Prefix.pch";
				INFOPLIST_FILE = "CoreDataMigration/CoreDataMigration-Info.plist";
				PRODUCT_NAME = "$(TARGET_NAME)";
				WRAPPER_EXTENSION = app;
			};
			name = Release;
		};
		DEF8CF1B198A2D5600B1559F /* Debug */ = {
			isa = XCBuildConfiguration;
			buildSettings = {
				BUNDLE_LOADER = "$(BUILT_PRODUCTS_DIR)/CoreDataMigration.app/CoreDataMigration";
				FRAMEWORK_SEARCH_PATHS = (
					"$(SDKROOT)/Developer/Library/Frameworks",
					"$(inherited)",
					"$(DEVELOPER_FRAMEWORKS_DIR)",
				);
				GCC_PRECOMPILE_PREFIX_HEADER = YES;
				GCC_PREFIX_HEADER = "CoreDataMigration/CoreDataMigration-Prefix.pch";
				GCC_PREPROCESSOR_DEFINITIONS = (
					"DEBUG=1",
					"$(inherited)",
				);
				INFOPLIST_FILE = "CoreDataMigrationTests/CoreDataMigrationTests-Info.plist";
				PRODUCT_NAME = "$(TARGET_NAME)";
				TEST_HOST = "$(BUNDLE_LOADER)";
				WRAPPER_EXTENSION = xctest;
			};
			name = Debug;
		};
		DEF8CF1C198A2D5600B1559F /* Release */ = {
			isa = XCBuildConfiguration;
			buildSettings = {
				BUNDLE_LOADER = "$(BUILT_PRODUCTS_DIR)/CoreDataMigration.app/CoreDataMigration";
				FRAMEWORK_SEARCH_PATHS = (
					"$(SDKROOT)/Developer/Library/Frameworks",
					"$(inherited)",
					"$(DEVELOPER_FRAMEWORKS_DIR)",
				);
				GCC_PRECOMPILE_PREFIX_HEADER = YES;
				GCC_PREFIX_HEADER = "CoreDataMigration/CoreDataMigration-Prefix.pch";
				INFOPLIST_FILE = "CoreDataMigrationTests/CoreDataMigrationTests-Info.plist";
				PRODUCT_NAME = "$(TARGET_NAME)";
				TEST_HOST = "$(BUNDLE_LOADER)";
				WRAPPER_EXTENSION = xctest;
			};
			name = Release;
		};
/* End XCBuildConfiguration section */

/* Begin XCConfigurationList section */
		DEF8CEE0198A2D5500B1559F /* Build configuration list for PBXProject "CoreDataMigration" */ = {
			isa = XCConfigurationList;
			buildConfigurations = (
				DEF8CF15198A2D5600B1559F /* Debug */,
				DEF8CF16198A2D5600B1559F /* Release */,
			);
			defaultConfigurationIsVisible = 0;
			defaultConfigurationName = Release;
		};
		DEF8CF17198A2D5600B1559F /* Build configuration list for PBXNativeTarget "CoreDataMigration" */ = {
			isa = XCConfigurationList;
			buildConfigurations = (
				DEF8CF18198A2D5600B1559F /* Debug */,
				DEF8CF19198A2D5600B1559F /* Release */,
			);
			defaultConfigurationIsVisible = 0;
			defaultConfigurationName = Release;
		};
		DEF8CF1A198A2D5600B1559F /* Build configuration list for PBXNativeTarget "CoreDataMigrationTests" */ = {
			isa = XCConfigurationList;
			buildConfigurations = (
				DEF8CF1B198A2D5600B1559F /* Debug */,
				DEF8CF1C198A2D5600B1559F /* Release */,
			);
			defaultConfigurationIsVisible = 0;
			defaultConfigurationName = Release;
		};
/* End XCConfigurationList section */

/* Begin XCVersionGroup section */
		DEF8CEFC198A2D5600B1559F /* CoreDataMigration.xcdatamodeld */ = {
			isa = XCVersionGroup;
			children = (
				DECD94D1198A3911006CD901 /* CoreDataMigration2.xcdatamodel */,
				DEF8CEFD198A2D5600B1559F /* CoreDataMigration.xcdatamodel */,
			);
			currentVersion = DECD94D1198A3911006CD901 /* CoreDataMigration2.xcdatamodel */;
			path = CoreDataMigration.xcdatamodeld;
			sourceTree = "<group>";
			versionGroupType = wrapper.xcdatamodel;
		};
/* End XCVersionGroup section */
	};
	rootObject = DEF8CEDD198A2D5500B1559F /* Project object */;
}
